
Microsoft Visual Studio Solution File, Format Version 12.00
# Visual Studio Version 17
VisualStudioVersion = 17.2.32616.157
MinimumVisualStudioVersion = 10.0.40219.1
Project("{8BC9CEB8-8B4A-11D0-8D11-00A0C91BC942}") = "POO_FINAL", "POO_FINAL\POO_FINAL.vcxproj", "{B33531D6-EB40-4424-8E49-392823B32BF9}"
EndProject
Global
	GlobalSection(SolutionConfigurationPlatforms) = preSolution
		Debug|x64 = Debug|x64
		Debug|x86 = Debug|x86
		Release|x64 = Release|x64
		Release|x86 = Release|x86
	EndGlobalSection
	GlobalSection(ProjectConfigurationPlatforms) = postSolution
		{B33531D6-EB40-4424-8E49-392823B32BF9}.Debug|x64.ActiveCfg = Debug|x64
		{B33531D6-EB40-4424-8E49-392823B32BF9}.Debug|x64.Build.0 = Debug|x64
		{B33531D6-EB40-4424-8E49-392823B32BF9}.Debug|x86.ActiveCfg = Debug|Win32
		{B33531D6-EB40-4424-8E49-392823B32BF9}.Debug|x86.Build.0 = Debug|Win32
		{B33531D6-EB40-4424-8E49-392823B32BF9}.Release|x64.ActiveCfg = Release|x64
		{B33531D6-EB40-4424-8E49-392823B32BF9}.Release|x64.Build.0 = Release|x64
		{B33531D6-EB40-4424-8E49-392823B32BF9}.Release|x86.ActiveCfg = Release|Win32
		{B33531D6-EB40-4424-8E49-392823B32BF9}.Release|x86.Build.0 = Release|Win32
	EndGlobalSection
	GlobalSection(SolutionProperties) = preSolution
		HideSolutionNode = FALSE
	EndGlobalSection
	GlobalSection(ExtensibilityGlobals) = postSolution
		SolutionGuid = {EA21F8CE-8B69-4A7C-B908-953D6DABE720}
	EndGlobalSection
EndGlobal
